{
    "_readme": [
        "This file locks the dependencies of your project to a known state",
        "Read more about it at https://getcomposer.org/doc/01-basic-usage.md#composer-lock-the-lock-file",
        "This file is @generated automatically"
    ],
    "hash": "8b81356f94ce814718de57f5602637d2",
    "content-hash": "78161fa701b30588c0c874d3a58f8396",
    "packages": [
        {
            "name": "mongodb/mongodb",
            "version": "1.0.2",
            "source": {
                "type": "git",
                "url": "https://github.com/mongodb/mongo-php-library.git",
                "reference": "faf8a1d86b5c10684ef91fa6c81475b0c7f95240"
            },
            "dist": {
                "type": "zip",
                "url": "https://api.github.com/repos/mongodb/mongo-php-library/zipball/faf8a1d86b5c10684ef91fa6c81475b0c7f95240",
                "reference": "faf8a1d86b5c10684ef91fa6c81475b0c7f95240",
                "shasum": ""
            },
            "require": {
                "ext-mongodb": "^1.1.0",
                "php": ">=5.4"
            },
            "type": "library",
            "autoload": {
                "psr-4": {
                    "MongoDB\\": "src/"
                },
                "files": [
                    "src/functions.php"
                ]
            },
            "notification-url": "https://packagist.org/downloads/",
            "license": [
                "Apache-2.0"
            ],
            "authors": [
                {
                    "name": "Jeremy Mikola",
                    "email": "jmikola@gmail.com"
                },
                {
                    "name": "Hannes Magnusson",
                    "email": "bjori@mongodb.com"
                },
                {
                    "name": "Derick Rethans",
                    "email": "github@derickrethans.nl"
                }
            ],
            "description": "MongoDB driver library",
            "homepage": "https://jira.mongodb.org/browse/PHPLIB",
            "keywords": [
                "database",
                "driver",
                "mongodb",
                "persistence"
            ],
            "time": "2016-03-30 19:10:28"
        },
        {
            "name": "smrtr/roddick",
            "version": "1.0.0",
            "source": {
                "type": "git",
                "url": "https://github.com/joegreen88/roddick.git",
                "reference": "717cc6e8bf75737e518b29ba71065b37a1f3145e"
            },
            "dist": {
                "type": "zip",
                "url": "https://api.github.com/repos/joegreen88/roddick/zipball/717cc6e8bf75737e518b29ba71065b37a1f3145e",
                "reference": "717cc6e8bf75737e518b29ba71065b37a1f3145e",
                "shasum": ""
            },
            "require": {
                "php": ">=5.4.0",
                "symfony/console": "~2.7.1",
                "symfony/process": "~2.7.1"
            },
            "bin": [
                "bin/roddick"
            ],
            "type": "library",
            "autoload": {
                "psr-0": {
                    "": "src/"
                }
            },
            "notification-url": "https://packagist.org/downloads/",
            "authors": [
                {
                    "name": "Joe Green",
                    "homepage": "https://github.com/joegreen88"
                }
            ],
            "description": "Commands for starting and stopping a php web server in the background",
            "keywords": [
                "background",
                "command",
                "continuous integration",
                "php",
                "process",
                "server",
                "testing"
            ],
            "time": "2016-04-11 21:26:24"
        },
        {
            "name": "symfony/console",
            "version": "v2.7.14",
            "source": {
                "type": "git",
                "url": "https://github.com/symfony/console.git",
                "reference": "1db9bfd331383f3ba0b3c2f54da418df68c867c4"
            },
            "dist": {
                "type": "zip",
                "url": "https://api.github.com/repos/symfony/console/zipball/1db9bfd331383f3ba0b3c2f54da418df68c867c4",
                "reference": "1db9bfd331383f3ba0b3c2f54da418df68c867c4",
                "shasum": ""
            },
            "require": {
                "php": ">=5.3.9"
            },
            "require-dev": {
                "psr/log": "~1.0",
                "symfony/event-dispatcher": "~2.1",
                "symfony/process": "~2.1"
            },
            "suggest": {
                "psr/log": "For using the console logger",
                "symfony/event-dispatcher": "",
                "symfony/process": ""
            },
            "type": "library",
            "extra": {
                "branch-alias": {
                    "dev-master": "2.7-dev"
                }
            },
            "autoload": {
                "psr-4": {
                    "Symfony\\Component\\Console\\": ""
                },
                "exclude-from-classmap": [
                    "/Tests/"
                ]
            },
            "notification-url": "https://packagist.org/downloads/",
            "license": [
                "MIT"
            ],
            "authors": [
                {
                    "name": "Fabien Potencier",
                    "email": "fabien@symfony.com"
                },
                {
                    "name": "Symfony Community",
                    "homepage": "https://symfony.com/contributors"
                }
            ],
            "description": "Symfony Console Component",
            "homepage": "https://symfony.com",
            "time": "2016-06-06 14:41:06"
        },
        {
            "name": "symfony/process",
            "version": "v2.7.14",
            "source": {
                "type": "git",
                "url": "https://github.com/symfony/process.git",
                "reference": "86de601a573faa104df1e0166d4afd9a7646173a"
            },
            "dist": {
                "type": "zip",
                "url": "https://api.github.com/repos/symfony/process/zipball/86de601a573faa104df1e0166d4afd9a7646173a",
                "reference": "86de601a573faa104df1e0166d4afd9a7646173a",
                "shasum": ""
            },
            "require": {
                "php": ">=5.3.9"
            },
            "type": "library",
            "extra": {
                "branch-alias": {
                    "dev-master": "2.7-dev"
                }
            },
            "autoload": {
                "psr-4": {
                    "Symfony\\Component\\Process\\": ""
                },
                "exclude-from-classmap": [
                    "/Tests/"
                ]
            },
            "notification-url": "https://packagist.org/downloads/",
            "license": [
                "MIT"
            ],
            "authors": [
                {
                    "name": "Fabien Potencier",
                    "email": "fabien@symfony.com"
                },
                {
                    "name": "Symfony Community",
                    "homepage": "https://symfony.com/contributors"
                }
            ],
            "description": "Symfony Process Component",
            "homepage": "https://symfony.com",
            "time": "2016-06-06 11:03:51"
        }
    ],
    "packages-dev": [],
    "aliases": [],
    "minimum-stability": "stable",
    "stability-flags": [],
    "prefer-stable": false,
    "prefer-lowest": false,
    "platform": [],
    "platform-dev": []
}
